// !$*UTF8*$!
{
	archiveVersion = 1;
	classes = {
	};
	objectVersion = 56;
	objects = {

/* Begin PBXBuildFile section */
		78334C252C5C270400C7909F /* s.swift in Sources */ = {isa = PBXBuildFile; fileRef = 78334C242C5C270400C7909F /* s.swift */; };
		78334C272C5C270D00C7909F /* dd.swift in Sources */ = {isa = PBXBuildFile; fileRef = 78334C262C5C270D00C7909F /* dd.swift */; };
		78334C292C5C271400C7909F /* ww.swift in Sources */ = {isa = PBXBuildFile; fileRef = 78334C282C5C271400C7909F /* ww.swift */; };
		78334C2C2C5C274600C7909F /* ApphudSDK in Frameworks */ = {isa = PBXBuildFile; productRef = 78334C2B2C5C274600C7909F /* ApphudSDK */; };
		78334C2F2C5C275200C7909F /* YandexMobileMetrica in Frameworks */ = {isa = PBXBuildFile; productRef = 78334C2E2C5C275200C7909F /* YandexMobileMetrica */; };
		78334C312C5C275200C7909F /* YandexMobileMetricaCrashes in Frameworks */ = {isa = PBXBuildFile; productRef = 78334C302C5C275200C7909F /* YandexMobileMetricaCrashes */; };
		78B38E1A2C4E5CAC00DD1121 /* App520App.swift in Sources */ = {isa = PBXBuildFile; fileRef = 78B38E192C4E5CAC00DD1121 /* App520App.swift */; };
		78B38E1C2C4E5CAC00DD1121 /* ContentView.swift in Sources */ = {isa = PBXBuildFile; fileRef = 78B38E1B2C4E5CAC00DD1121 /* ContentView.swift */; };
		78B38E1E2C4E5CAE00DD1121 /* Assets.xcassets in Resources */ = {isa = PBXBuildFile; fileRef = 78B38E1D2C4E5CAE00DD1121 /* Assets.xcassets */; };
		78B38E222C4E5CAE00DD1121 /* Preview Assets.xcassets in Resources */ = {isa = PBXBuildFile; fileRef = 78B38E212C4E5CAE00DD1121 /* Preview Assets.xcassets */; };
		78B38E352C4E63A000DD1121 /* Launch Screen.storyboard in Resources */ = {isa = PBXBuildFile; fileRef = 78B38E342C4E63A000DD1121 /* Launch Screen.storyboard */; };
		78B38E372C4E63A700DD1121 /* LoadingView.swift in Sources */ = {isa = PBXBuildFile; fileRef = 78B38E362C4E63A700DD1121 /* LoadingView.swift */; };
		78B38E392C4E63BC00DD1121 /* R1.swift in Sources */ = {isa = PBXBuildFile; fileRef = 78B38E382C4E63BC00DD1121 /* R1.swift */; };
		78B38E3B2C4E63C800DD1121 /* R2.swift in Sources */ = {isa = PBXBuildFile; fileRef = 78B38E3A2C4E63C800DD1121 /* R2.swift */; };
		78B38E3D2C4E63CF00DD1121 /* U1.swift in Sources */ = {isa = PBXBuildFile; fileRef = 78B38E3C2C4E63CF00DD1121 /* U1.swift */; };
		78B38E402C4E63DD00DD1121 /* Reviews.swift in Sources */ = {isa = PBXBuildFile; fileRef = 78B38E3F2C4E63DD00DD1121 /* Reviews.swift */; };
		78B38E442C4E63EF00DD1121 /* Not.swift in Sources */ = {isa = PBXBuildFile; fileRef = 78B38E432C4E63EF00DD1121 /* Not.swift */; };
		78B38E462C4E662800DD1121 /* TabBar.swift in Sources */ = {isa = PBXBuildFile; fileRef = 78B38E452C4E662800DD1121 /* TabBar.swift */; };
		78B38E482C4E663100DD1121 /* CoreDataStack.swift in Sources */ = {isa = PBXBuildFile; fileRef = 78B38E472C4E663100DD1121 /* CoreDataStack.swift */; };
		78B38E4A2C4E663900DD1121 /* Array.swift in Sources */ = {isa = PBXBuildFile; fileRef = 78B38E492C4E663900DD1121 /* Array.swift */; };
		78B38E4D2C4E664100DD1121 /* CoreModel.xcdatamodeld in Sources */ = {isa = PBXBuildFile; fileRef = 78B38E4B2C4E664100DD1121 /* CoreModel.xcdatamodeld */; };
		78B38E4F2C4E666300DD1121 /* CoinsView.swift in Sources */ = {isa = PBXBuildFile; fileRef = 78B38E4E2C4E666300DD1121 /* CoinsView.swift */; };
		78B38E512C4E666900DD1121 /* IncomeView.swift in Sources */ = {isa = PBXBuildFile; fileRef = 78B38E502C4E666900DD1121 /* IncomeView.swift */; };
		78B38E532C4E667100DD1121 /* SettingsView.swift in Sources */ = {isa = PBXBuildFile; fileRef = 78B38E522C4E667100DD1121 /* SettingsView.swift */; };
		78B38E552C4E6C3C00DD1121 /* CoinsViewModel.swift in Sources */ = {isa = PBXBuildFile; fileRef = 78B38E542C4E6C3C00DD1121 /* CoinsViewModel.swift */; };
		78B38E582C4E72CD00DD1121 /* AddCoin.swift in Sources */ = {isa = PBXBuildFile; fileRef = 78B38E572C4E72CD00DD1121 /* AddCoin.swift */; };
/* End PBXBuildFile section */

/* Begin PBXFileReference section */
		78334C242C5C270400C7909F /* s.swift */ = {isa = PBXFileReference; lastKnownFileType = sourcecode.swift; path = s.swift; sourceTree = "<group>"; };
		78334C262C5C270D00C7909F /* dd.swift */ = {isa = PBXFileReference; lastKnownFileType = sourcecode.swift; path = dd.swift; sourceTree = "<group>"; };
		78334C282C5C271400C7909F /* ww.swift */ = {isa = PBXFileReference; lastKnownFileType = sourcecode.swift; path = ww.swift; sourceTree = "<group>"; };
		78B38E162C4E5CAC00DD1121 /* App520.app */ = {isa = PBXFileReference; explicitFileType = wrapper.application; includeInIndex = 0; path = App520.app; sourceTree = BUILT_PRODUCTS_DIR; };
		78B38E192C4E5CAC00DD1121 /* App520App.swift */ = {isa = PBXFileReference; lastKnownFileType = sourcecode.swift; path = App520App.swift; sourceTree = "<group>"; };
		78B38E1B2C4E5CAC00DD1121 /* ContentView.swift */ = {isa = PBXFileReference; lastKnownFileType = sourcecode.swift; path = ContentView.swift; sourceTree = "<group>"; };
		78B38E1D2C4E5CAE00DD1121 /* Assets.xcassets */ = {isa = PBXFileReference; lastKnownFileType = folder.assetcatalog; path = Assets.xcassets; sourceTree = "<group>"; };
		78B38E1F2C4E5CAE00DD1121 /* App520.entitlements */ = {isa = PBXFileReference; lastKnownFileType = text.plist.entitlements; path = App520.entitlements; sourceTree = "<group>"; };
		78B38E212C4E5CAE00DD1121 /* Preview Assets.xcassets */ = {isa = PBXFileReference; lastKnownFileType = folder.assetcatalog; path = "Preview Assets.xcassets"; sourceTree = "<group>"; };
		78B38E342C4E63A000DD1121 /* Launch Screen.storyboard */ = {isa = PBXFileReference; lastKnownFileType = file.storyboard; path = "Launch Screen.storyboard"; sourceTree = "<group>"; };
		78B38E362C4E63A700DD1121 /* LoadingView.swift */ = {isa = PBXFileReference; lastKnownFileType = sourcecode.swift; path = LoadingView.swift; sourceTree = "<group>"; };
		78B38E382C4E63BC00DD1121 /* R1.swift */ = {isa = PBXFileReference; lastKnownFileType = sourcecode.swift; path = R1.swift; sourceTree = "<group>"; };
		78B38E3A2C4E63C800DD1121 /* R2.swift */ = {isa = PBXFileReference; lastKnownFileType = sourcecode.swift; path = R2.swift; sourceTree = "<group>"; };
		78B38E3C2C4E63CF00DD1121 /* U1.swift */ = {isa = PBXFileReference; lastKnownFileType = sourcecode.swift; path = U1.swift; sourceTree = "<group>"; };
		78B38E3F2C4E63DD00DD1121 /* Reviews.swift */ = {isa = PBXFileReference; lastKnownFileType = sourcecode.swift; path = Reviews.swift; sourceTree = "<group>"; };
		78B38E432C4E63EF00DD1121 /* Not.swift */ = {isa = PBXFileReference; lastKnownFileType = sourcecode.swift; path = Not.swift; sourceTree = "<group>"; };
		78B38E452C4E662800DD1121 /* TabBar.swift */ = {isa = PBXFileReference; lastKnownFileType = sourcecode.swift; path = TabBar.swift; sourceTree = "<group>"; };
		78B38E472C4E663100DD1121 /* CoreDataStack.swift */ = {isa = PBXFileReference; lastKnownFileType = sourcecode.swift; path = CoreDataStack.swift; sourceTree = "<group>"; };
		78B38E492C4E663900DD1121 /* Array.swift */ = {isa = PBXFileReference; lastKnownFileType = sourcecode.swift; path = Array.swift; sourceTree = "<group>"; };
		78B38E4C2C4E664100DD1121 /* CoreModel.xcdatamodel */ = {isa = PBXFileReference; lastKnownFileType = wrapper.xcdatamodel; path = CoreModel.xcdatamodel; sourceTree = "<group>"; };
		78B38E4E2C4E666300DD1121 /* CoinsView.swift */ = {isa = PBXFileReference; lastKnownFileType = sourcecode.swift; path = CoinsView.swift; sourceTree = "<group>"; };
		78B38E502C4E666900DD1121 /* IncomeView.swift */ = {isa = PBXFileReference; lastKnownFileType = sourcecode.swift; path = IncomeView.swift; sourceTree = "<group>"; };
		78B38E522C4E667100DD1121 /* SettingsView.swift */ = {isa = PBXFileReference; lastKnownFileType = sourcecode.swift; path = SettingsView.swift; sourceTree = "<group>"; };
		78B38E542C4E6C3C00DD1121 /* CoinsViewModel.swift */ = {isa = PBXFileReference; lastKnownFileType = sourcecode.swift; path = CoinsViewModel.swift; sourceTree = "<group>"; };
		78B38E572C4E72CD00DD1121 /* AddCoin.swift */ = {isa = PBXFileReference; lastKnownFileType = sourcecode.swift; path = AddCoin.swift; sourceTree = "<group>"; };
/* End PBXFileReference section */

/* Begin PBXFrameworksBuildPhase section */
		78B38E132C4E5CAC00DD1121 /* Frameworks */ = {
			isa = PBXFrameworksBuildPhase;
			buildActionMask = 2147483647;
			files = (
				78334C312C5C275200C7909F /* YandexMobileMetricaCrashes in Frameworks */,
				78334C2C2C5C274600C7909F /* ApphudSDK in Frameworks */,
				78334C2F2C5C275200C7909F /* YandexMobileMetrica in Frameworks */,
			);
			runOnlyForDeploymentPostprocessing = 0;
		};
/* End PBXFrameworksBuildPhase section */

/* Begin PBXGroup section */
		78B38E0D2C4E5CAC00DD1121 = {
			isa = PBXGroup;
			children = (
				78B38E182C4E5CAC00DD1121 /* App520 */,
				78B38E172C4E5CAC00DD1121 /* Products */,
			);
			sourceTree = "<group>";
		};
		78B38E172C4E5CAC00DD1121 /* Products */ = {
			isa = PBXGroup;
			children = (
				78B38E162C4E5CAC00DD1121 /* App520.app */,
			);
			name = Products;
			sourceTree = "<group>";
		};
		78B38E182C4E5CAC00DD1121 /* App520 */ = {
			isa = PBXGroup;
			children = (
				78B38E282C4E618300DD1121 /* Project */,
				78B38E192C4E5CAC00DD1121 /* App520App.swift */,
				78B38E1B2C4E5CAC00DD1121 /* ContentView.swift */,
				78B38E1D2C4E5CAE00DD1121 /* Assets.xcassets */,
				78B38E1F2C4E5CAE00DD1121 /* App520.entitlements */,
				78B38E202C4E5CAE00DD1121 /* Preview Content */,
			);
			path = App520;
			sourceTree = "<group>";
		};
		78B38E202C4E5CAE00DD1121 /* Preview Content */ = {
			isa = PBXGroup;
			children = (
				78B38E212C4E5CAE00DD1121 /* Preview Assets.xcassets */,
			);
			path = "Preview Content";
			sourceTree = "<group>";
		};
		78B38E282C4E618300DD1121 /* Project */ = {
			isa = PBXGroup;
			children = (
				78B38E2C2C4E619A00DD1121 /* Views */,
				78B38E2B2C4E619500DD1121 /* TabBar */,
				78B38E2A2C4E618E00DD1121 /* Extensions */,
				78B38E292C4E618900DD1121 /* Start */,
			);
			path = Project;
			sourceTree = "<group>";
		};
		78B38E292C4E618900DD1121 /* Start */ = {
			isa = PBXGroup;
			children = (
				78B38E302C4E637900DD1121 /* R */,
				78B38E2F2C4E61AE00DD1121 /* U */,
				78B38E2E2C4E61A900DD1121 /* Loading */,
				78B38E2D2C4E61A300DD1121 /* Launch */,
			);
			path = Start;
			sourceTree = "<group>";
		};
		78B38E2A2C4E618E00DD1121 /* Extensions */ = {
			isa = PBXGroup;
			children = (
				78B38E472C4E663100DD1121 /* CoreDataStack.swift */,
				78B38E492C4E663900DD1121 /* Array.swift */,
				78B38E4B2C4E664100DD1121 /* CoreModel.xcdatamodeld */,
				78334C242C5C270400C7909F /* s.swift */,
				78334C262C5C270D00C7909F /* dd.swift */,
				78334C282C5C271400C7909F /* ww.swift */,
			);
			path = Extensions;
			sourceTree = "<group>";
		};
		78B38E2B2C4E619500DD1121 /* TabBar */ = {
			isa = PBXGroup;
			children = (
				78B38E452C4E662800DD1121 /* TabBar.swift */,
			);
			path = TabBar;
			sourceTree = "<group>";
		};
		78B38E2C2C4E619A00DD1121 /* Views */ = {
			isa = PBXGroup;
			children = (
				78B38E332C4E639400DD1121 /* Settings */,
				78B38E322C4E639000DD1121 /* Income */,
				78B38E312C4E638700DD1121 /* Coins */,
			);
			path = Views;
			sourceTree = "<group>";
		};
		78B38E2D2C4E61A300DD1121 /* Launch */ = {
			isa = PBXGroup;
			children = (
				78B38E342C4E63A000DD1121 /* Launch Screen.storyboard */,
			);
			path = Launch;
			sourceTree = "<group>";
		};
		78B38E2E2C4E61A900DD1121 /* Loading */ = {
			isa = PBXGroup;
			children = (
				78B38E362C4E63A700DD1121 /* LoadingView.swift */,
			);
			path = Loading;
			sourceTree = "<group>";
		};
		78B38E2F2C4E61AE00DD1121 /* U */ = {
			isa = PBXGroup;
			children = (
				78B38E3C2C4E63CF00DD1121 /* U1.swift */,
				78B38E3F2C4E63DD00DD1121 /* Reviews.swift */,
				78B38E432C4E63EF00DD1121 /* Not.swift */,
			);
			path = U;
			sourceTree = "<group>";
		};
		78B38E302C4E637900DD1121 /* R */ = {
			isa = PBXGroup;
			children = (
				78B38E382C4E63BC00DD1121 /* R1.swift */,
				78B38E3A2C4E63C800DD1121 /* R2.swift */,
			);
			path = R;
			sourceTree = "<group>";
		};
		78B38E312C4E638700DD1121 /* Coins */ = {
			isa = PBXGroup;
			children = (
				78B38E562C4E72C400DD1121 /* AddCoin */,
				78B38E4E2C4E666300DD1121 /* CoinsView.swift */,
				78B38E542C4E6C3C00DD1121 /* CoinsViewModel.swift */,
			);
			path = Coins;
			sourceTree = "<group>";
		};
		78B38E322C4E639000DD1121 /* Income */ = {
			isa = PBXGroup;
			children = (
				78B38E502C4E666900DD1121 /* IncomeView.swift */,
			);
			path = Income;
			sourceTree = "<group>";
		};
		78B38E332C4E639400DD1121 /* Settings */ = {
			isa = PBXGroup;
			children = (
				78B38E522C4E667100DD1121 /* SettingsView.swift */,
			);
			path = Settings;
			sourceTree = "<group>";
		};
		78B38E562C4E72C400DD1121 /* AddCoin */ = {
			isa = PBXGroup;
			children = (
				78B38E572C4E72CD00DD1121 /* AddCoin.swift */,
			);
			path = AddCoin;
			sourceTree = "<group>";
		};
/* End PBXGroup section */

/* Begin PBXNativeTarget section */
		78B38E152C4E5CAC00DD1121 /* App520 */ = {
			isa = PBXNativeTarget;
			buildConfigurationList = 78B38E252C4E5CAE00DD1121 /* Build configuration list for PBXNativeTarget "App520" */;
			buildPhases = (
				78B38E122C4E5CAC00DD1121 /* Sources */,
				78B38E132C4E5CAC00DD1121 /* Frameworks */,
				78B38E142C4E5CAC00DD1121 /* Resources */,
			);
			buildRules = (
			);
			dependencies = (
			);
			name = App520;
			packageProductDependencies = (
				78334C2B2C5C274600C7909F /* ApphudSDK */,
				78334C2E2C5C275200C7909F /* YandexMobileMetrica */,
				78334C302C5C275200C7909F /* YandexMobileMetricaCrashes */,
			);
			productName = App520;
			productReference = 78B38E162C4E5CAC00DD1121 /* App520.app */;
			productType = "com.apple.product-type.application";
		};
/* End PBXNativeTarget section */

/* Begin PBXProject section */
		78B38E0E2C4E5CAC00DD1121 /* Project object */ = {
			isa = PBXProject;
			attributes = {
				BuildIndependentTargetsInParallel = 1;
				LastSwiftUpdateCheck = 1540;
				LastUpgradeCheck = 1540;
				TargetAttributes = {
					78B38E152C4E5CAC00DD1121 = {
						CreatedOnToolsVersion = 15.4;
					};
				};
			};
			buildConfigurationList = 78B38E112C4E5CAC00DD1121 /* Build configuration list for PBXProject "App520" */;
			compatibilityVersion = "Xcode 14.0";
			developmentRegion = en;
			hasScannedForEncodings = 0;
			knownRegions = (
				en,
				Base,
			);
			mainGroup = 78B38E0D2C4E5CAC00DD1121;
			packageReferences = (
				78334C2A2C5C274600C7909F /* XCRemoteSwiftPackageReference "ApphudSDK" */,
				78334C2D2C5C275200C7909F /* XCRemoteSwiftPackageReference "metrica-sdk-ios" */,
			);
			productRefGroup = 78B38E172C4E5CAC00DD1121 /* Products */;
			projectDirPath = "";
			projectRoot = "";
			targets = (
				78B38E152C4E5CAC00DD1121 /* App520 */,
			);
		};
/* End PBXProject section */

/* Begin PBXResourcesBuildPhase section */
		78B38E142C4E5CAC00DD1121 /* Resources */ = {
			isa = PBXResourcesBuildPhase;
			buildActionMask = 2147483647;
			files = (
				78B38E352C4E63A000DD1121 /* Launch Screen.storyboard in Resources */,
				78B38E222C4E5CAE00DD1121 /* Preview Assets.xcassets in Resources */,
				78B38E1E2C4E5CAE00DD1121 /* Assets.xcassets in Resources */,
			);
			runOnlyForDeploymentPostprocessing = 0;
		};
/* End PBXResourcesBuildPhase section */

/* Begin PBXSourcesBuildPhase section */
		78B38E122C4E5CAC00DD1121 /* Sources */ = {
			isa = PBXSourcesBuildPhase;
			buildActionMask = 2147483647;
			files = (
				78334C272C5C270D00C7909F /* dd.swift in Sources */,
				78B38E532C4E667100DD1121 /* SettingsView.swift in Sources */,
				78B38E462C4E662800DD1121 /* TabBar.swift in Sources */,
				78B38E4F2C4E666300DD1121 /* CoinsView.swift in Sources */,
				78334C252C5C270400C7909F /* s.swift in Sources */,
				78B38E1C2C4E5CAC00DD1121 /* ContentView.swift in Sources */,
				78B38E582C4E72CD00DD1121 /* AddCoin.swift in Sources */,
				78B38E1A2C4E5CAC00DD1121 /* App520App.swift in Sources */,
				78B38E392C4E63BC00DD1121 /* R1.swift in Sources */,
				78B38E4D2C4E664100DD1121 /* CoreModel.xcdatamodeld in Sources */,
				78B38E552C4E6C3C00DD1121 /* CoinsViewModel.swift in Sources */,
				78B38E3B2C4E63C800DD1121 /* R2.swift in Sources */,
				78B38E482C4E663100DD1121 /* CoreDataStack.swift in Sources */,
				78B38E4A2C4E663900DD1121 /* Array.swift in Sources */,
				78B38E372C4E63A700DD1121 /* LoadingView.swift in Sources */,
				78B38E442C4E63EF00DD1121 /* Not.swift in Sources */,
				78B38E3D2C4E63CF00DD1121 /* U1.swift in Sources */,
				78334C292C5C271400C7909F /* ww.swift in Sources */,
				78B38E402C4E63DD00DD1121 /* Reviews.swift in Sources */,
				78B38E512C4E666900DD1121 /* IncomeView.swift in Sources */,
			);
			runOnlyForDeploymentPostprocessing = 0;
		};
/* End PBXSourcesBuildPhase section */

/* Begin XCBuildConfiguration section */
		78B38E232C4E5CAE00DD1121 /* Debug */ = {
			isa = XCBuildConfiguration;
			buildSettings = {
				ALWAYS_SEARCH_USER_PATHS = NO;
				ASSETCATALOG_COMPILER_GENERATE_SWIFT_ASSET_SYMBOL_EXTENSIONS = YES;
				CLANG_ANALYZER_NONNULL = YES;
				CLANG_ANALYZER_NUMBER_OBJECT_CONVERSION = YES_AGGRESSIVE;
				CLANG_CXX_LANGUAGE_STANDARD = "gnu++20";
				CLANG_ENABLE_MODULES = YES;
				CLANG_ENABLE_OBJC_ARC = YES;
				CLANG_ENABLE_OBJC_WEAK = YES;
				CLANG_WARN_BLOCK_CAPTURE_AUTORELEASING = YES;
				CLANG_WARN_BOOL_CONVERSION = YES;
				CLANG_WARN_COMMA = YES;
				CLANG_WARN_CONSTANT_CONVERSION = YES;
				CLANG_WARN_DEPRECATED_OBJC_IMPLEMENTATIONS = YES;
				CLANG_WARN_DIRECT_OBJC_ISA_USAGE = YES_ERROR;
				CLANG_WARN_DOCUMENTATION_COMMENTS = YES;
				CLANG_WARN_EMPTY_BODY = YES;
				CLANG_WARN_ENUM_CONVERSION = YES;
				CLANG_WARN_INFINITE_RECURSION = YES;
				CLANG_WARN_INT_CONVERSION = YES;
				CLANG_WARN_NON_LITERAL_NULL_CONVERSION = YES;
				CLANG_WARN_OBJC_IMPLICIT_RETAIN_SELF = YES;
				CLANG_WARN_OBJC_LITERAL_CONVERSION = YES;
				CLANG_WARN_OBJC_ROOT_CLASS = YES_ERROR;
				CLANG_WARN_QUOTED_INCLUDE_IN_FRAMEWORK_HEADER = YES;
				CLANG_WARN_RANGE_LOOP_ANALYSIS = YES;
				CLANG_WARN_STRICT_PROTOTYPES = YES;
				CLANG_WARN_SUSPICIOUS_MOVE = YES;
				CLANG_WARN_UNGUARDED_AVAILABILITY = YES_AGGRESSIVE;
				CLANG_WARN_UNREACHABLE_CODE = YES;
				CLANG_WARN__DUPLICATE_METHOD_MATCH = YES;
				COPY_PHASE_STRIP = NO;
				DEBUG_INFORMATION_FORMAT = dwarf;
				ENABLE_STRICT_OBJC_MSGSEND = YES;
				ENABLE_TESTABILITY = YES;
				ENABLE_USER_SCRIPT_SANDBOXING = YES;
				GCC_C_LANGUAGE_STANDARD = gnu17;
				GCC_DYNAMIC_NO_PIC = NO;
				GCC_NO_COMMON_BLOCKS = YES;
				GCC_OPTIMIZATION_LEVEL = 0;
				GCC_PREPROCESSOR_DEFINITIONS = (
					"DEBUG=1",
					"$(inherited)",
				);
				GCC_WARN_64_TO_32_BIT_CONVERSION = YES;
				GCC_WARN_ABOUT_RETURN_TYPE = YES_ERROR;
				GCC_WARN_UNDECLARED_SELECTOR = YES;
				GCC_WARN_UNINITIALIZED_AUTOS = YES_AGGRESSIVE;
				GCC_WARN_UNUSED_FUNCTION = YES;
				GCC_WARN_UNUSED_VARIABLE = YES;
				LOCALIZATION_PREFERS_STRING_CATALOGS = YES;
				MTL_ENABLE_DEBUG_INFO = INCLUDE_SOURCE;
				MTL_FAST_MATH = YES;
				ONLY_ACTIVE_ARCH = YES;
				SWIFT_ACTIVE_COMPILATION_CONDITIONS = "DEBUG $(inherited)";
				SWIFT_OPTIMIZATION_LEVEL = "-Onone";
			};
			name = Debug;
		};
		78B38E242C4E5CAE00DD1121 /* Release */ = {
			isa = XCBuildConfiguration;
			buildSettings = {
				ALWAYS_SEARCH_USER_PATHS = NO;
				ASSETCATALOG_COMPILER_GENERATE_SWIFT_ASSET_SYMBOL_EXTENSIONS = YES;
				CLANG_ANALYZER_NONNULL = YES;
				CLANG_ANALYZER_NUMBER_OBJECT_CONVERSION = YES_AGGRESSIVE;
				CLANG_CXX_LANGUAGE_STANDARD = "gnu++20";
				CLANG_ENABLE_MODULES = YES;
				CLANG_ENABLE_OBJC_ARC = YES;
				CLANG_ENABLE_OBJC_WEAK = YES;
				CLANG_WARN_BLOCK_CAPTURE_AUTORELEASING = YES;
				CLANG_WARN_BOOL_CONVERSION = YES;
				CLANG_WARN_COMMA = YES;
				CLANG_WARN_CONSTANT_CONVERSION = YES;
				CLANG_WARN_DEPRECATED_OBJC_IMPLEMENTATIONS = YES;
				CLANG_WARN_DIRECT_OBJC_ISA_USAGE = YES_ERROR;
				CLANG_WARN_DOCUMENTATION_COMMENTS = YES;
				CLANG_WARN_EMPTY_BODY = YES;
				CLANG_WARN_ENUM_CONVERSION = YES;
				CLANG_WARN_INFINITE_RECURSION = YES;
				CLANG_WARN_INT_CONVERSION = YES;
				CLANG_WARN_NON_LITERAL_NULL_CONVERSION = YES;
				CLANG_WARN_OBJC_IMPLICIT_RETAIN_SELF = YES;
				CLANG_WARN_OBJC_LITERAL_CONVERSION = YES;
				CLANG_WARN_OBJC_ROOT_CLASS = YES_ERROR;
				CLANG_WARN_QUOTED_INCLUDE_IN_FRAMEWORK_HEADER = YES;
				CLANG_WARN_RANGE_LOOP_ANALYSIS = YES;
				CLANG_WARN_STRICT_PROTOTYPES = YES;
				CLANG_WARN_SUSPICIOUS_MOVE = YES;
				CLANG_WARN_UNGUARDED_AVAILABILITY = YES_AGGRESSIVE;
				CLANG_WARN_UNREACHABLE_CODE = YES;
				CLANG_WARN__DUPLICATE_METHOD_MATCH = YES;
				COPY_PHASE_STRIP = NO;
				DEBUG_INFORMATION_FORMAT = "dwarf-with-dsym";
				ENABLE_NS_ASSERTIONS = NO;
				ENABLE_STRICT_OBJC_MSGSEND = YES;
				ENABLE_USER_SCRIPT_SANDBOXING = YES;
				GCC_C_LANGUAGE_STANDARD = gnu17;
				GCC_NO_COMMON_BLOCKS = YES;
				GCC_WARN_64_TO_32_BIT_CONVERSION = YES;
				GCC_WARN_ABOUT_RETURN_TYPE = YES_ERROR;
				GCC_WARN_UNDECLARED_SELECTOR = YES;
				GCC_WARN_UNINITIALIZED_AUTOS = YES_AGGRESSIVE;
				GCC_WARN_UNUSED_FUNCTION = YES;
				GCC_WARN_UNUSED_VARIABLE = YES;
				LOCALIZATION_PREFERS_STRING_CATALOGS = YES;
				MTL_ENABLE_DEBUG_INFO = NO;
				MTL_FAST_MATH = YES;
				SWIFT_COMPILATION_MODE = wholemodule;
			};
			name = Release;
		};
		78B38E262C4E5CAE00DD1121 /* Debug */ = {
			isa = XCBuildConfiguration;
			buildSettings = {
				ASSETCATALOG_COMPILER_APPICON_NAME = AppIcon;
				ASSETCATALOG_COMPILER_GLOBAL_ACCENT_COLOR_NAME = AccentColor;
				CODE_SIGN_ENTITLEMENTS = App520/App520.entitlements;
				CODE_SIGN_STYLE = Automatic;
				CURRENT_PROJECT_VERSION = 1;
				DEVELOPMENT_ASSET_PATHS = "\"App520/Preview Content\"";
				ENABLE_PREVIEWS = YES;
				GENERATE_INFOPLIST_FILE = YES;
				INFOPLIST_KEY_CFBundleDisplayName = "Pőčket Öptiöň - Radius Compass\nPőčket Öptiöň - Radius Compass\n";
				"INFOPLIST_KEY_UIApplicationSceneManifest_Generation[sdk=iphoneos*]" = YES;
				"INFOPLIST_KEY_UIApplicationSceneManifest_Generation[sdk=iphonesimulator*]" = YES;
				"INFOPLIST_KEY_UIApplicationSupportsIndirectInputEvents[sdk=iphoneos*]" = YES;
				"INFOPLIST_KEY_UIApplicationSupportsIndirectInputEvents[sdk=iphonesimulator*]" = YES;
				"INFOPLIST_KEY_UILaunchScreen_Generation[sdk=iphoneos*]" = YES;
				"INFOPLIST_KEY_UILaunchScreen_Generation[sdk=iphonesimulator*]" = YES;
				INFOPLIST_KEY_UILaunchStoryboardName = "Launch Screen.storyboard";
				"INFOPLIST_KEY_UIStatusBarStyle[sdk=iphoneos*]" = UIStatusBarStyleDefault;
				"INFOPLIST_KEY_UIStatusBarStyle[sdk=iphonesimulator*]" = UIStatusBarStyleDefault;
				INFOPLIST_KEY_UISupportedInterfaceOrientations = UIInterfaceOrientationPortrait;
				INFOPLIST_KEY_UISupportedInterfaceOrientations_iPad = "UIInterfaceOrientationLandscapeLeft UIInterfaceOrientationLandscapeRight UIInterfaceOrientationPortrait UIInterfaceOrientationPortraitUpsideDown";
				IPHONEOS_DEPLOYMENT_TARGET = 14.0;
				LD_RUNPATH_SEARCH_PATHS = "@executable_path/Frameworks";
				"LD_RUNPATH_SEARCH_PATHS[sdk=macosx*]" = "@executable_path/../Frameworks";
				MACOSX_DEPLOYMENT_TARGET = 14.1;
				MARKETING_VERSION = 1.1;
				PRODUCT_BUNDLE_IDENTIFIER = IOI.App520;
				PRODUCT_NAME = "$(TARGET_NAME)";
				SDKROOT = auto;
				SUPPORTED_PLATFORMS = "iphoneos iphonesimulator";
				SUPPORTS_MACCATALYST = NO;
				SWIFT_EMIT_LOC_STRINGS = YES;
				SWIFT_VERSION = 5.0;
				TARGETED_DEVICE_FAMILY = 1;
			};
			name = Debug;
		};
		78B38E272C4E5CAE00DD1121 /* Release */ = {
			isa = XCBuildConfiguration;
			buildSettings = {
				ASSETCATALOG_COMPILER_APPICON_NAME = AppIcon;
				ASSETCATALOG_COMPILER_GLOBAL_ACCENT_COLOR_NAME = AccentColor;
				CODE_SIGN_ENTITLEMENTS = App520/App520.entitlements;
				CODE_SIGN_STYLE = Automatic;
				CURRENT_PROJECT_VERSION = 1;
				DEVELOPMENT_ASSET_PATHS = "\"App520/Preview Content\"";
				ENABLE_PREVIEWS = YES;
				GENERATE_INFOPLIST_FILE = YES;
				INFOPLIST_KEY_CFBundleDisplayName = "Pőčket Öptiöň - Radius Compass\nPőčket Öptiöň - Radius Compass\n";
				"INFOPLIST_KEY_UIApplicationSceneManifest_Generation[sdk=iphoneos*]" = YES;
				"INFOPLIST_KEY_UIApplicationSceneManifest_Generation[sdk=iphonesimulator*]" = YES;
				"INFOPLIST_KEY_UIApplicationSupportsIndirectInputEvents[sdk=iphoneos*]" = YES;
				"INFOPLIST_KEY_UIApplicationSupportsIndirectInputEvents[sdk=iphonesimulator*]" = YES;
				"INFOPLIST_KEY_UILaunchScreen_Generation[sdk=iphoneos*]" = YES;
				"INFOPLIST_KEY_UILaunchScreen_Generation[sdk=iphonesimulator*]" = YES;
				INFOPLIST_KEY_UILaunchStoryboardName = "Launch Screen.storyboard";
				"INFOPLIST_KEY_UIStatusBarStyle[sdk=iphoneos*]" = UIStatusBarStyleDefault;
				"INFOPLIST_KEY_UIStatusBarStyle[sdk=iphonesimulator*]" = UIStatusBarStyleDefault;
				INFOPLIST_KEY_UISupportedInterfaceOrientations = UIInterfaceOrientationPortrait;
				INFOPLIST_KEY_UISupportedInterfaceOrientations_iPad = "UIInterfaceOrientationLandscapeLeft UIInterfaceOrientationLandscapeRight UIInterfaceOrientationPortrait UIInterfaceOrientationPortraitUpsideDown";
				IPHONEOS_DEPLOYMENT_TARGET = 14.0;
				LD_RUNPATH_SEARCH_PATHS = "@executable_path/Frameworks";
				"LD_RUNPATH_SEARCH_PATHS[sdk=macosx*]" = "@executable_path/../Frameworks";
				MACOSX_DEPLOYMENT_TARGET = 14.1;
				MARKETING_VERSION = 1.1;
				PRODUCT_BUNDLE_IDENTIFIER = IOI.App520;
				PRODUCT_NAME = "$(TARGET_NAME)";
				SDKROOT = auto;
				SUPPORTED_PLATFORMS = "iphoneos iphonesimulator";
				SUPPORTS_MACCATALYST = NO;
				SWIFT_EMIT_LOC_STRINGS = YES;
				SWIFT_VERSION = 5.0;
				TARGETED_DEVICE_FAMILY = 1;
			};
			name = Release;
		};
/* End XCBuildConfiguration section */

/* Begin XCConfigurationList section */
		78B38E112C4E5CAC00DD1121 /* Build configuration list for PBXProject "App520" */ = {
			isa = XCConfigurationList;
			buildConfigurations = (
				78B38E232C4E5CAE00DD1121 /* Debug */,
				78B38E242C4E5CAE00DD1121 /* Release */,
			);
			defaultConfigurationIsVisible = 0;
			defaultConfigurationName = Release;
		};
		78B38E252C4E5CAE00DD1121 /* Build configuration list for PBXNativeTarget "App520" */ = {
			isa = XCConfigurationList;
			buildConfigurations = (
				78B38E262C4E5CAE00DD1121 /* Debug */,
				78B38E272C4E5CAE00DD1121 /* Release */,
			);
			defaultConfigurationIsVisible = 0;
			defaultConfigurationName = Release;
		};
/* End XCConfigurationList section */

/* Begin XCRemoteSwiftPackageReference section */
		78334C2A2C5C274600C7909F /* XCRemoteSwiftPackageReference "ApphudSDK" */ = {
			isa = XCRemoteSwiftPackageReference;
			repositoryURL = "https://github.com/apphud/ApphudSDK.git";
			requirement = {
				kind = upToNextMajorVersion;
				minimumVersion = 3.4.0;
			};
		};
		78334C2D2C5C275200C7909F /* XCRemoteSwiftPackageReference "metrica-sdk-ios" */ = {
			isa = XCRemoteSwiftPackageReference;
			repositoryURL = "https://github.com/yandexmobile/metrica-sdk-ios.git";
			requirement = {
				kind = upToNextMajorVersion;
				minimumVersion = 4.5.2;
			};
		};
/* End XCRemoteSwiftPackageReference section */

/* Begin XCSwiftPackageProductDependency section */
		78334C2B2C5C274600C7909F /* ApphudSDK */ = {
			isa = XCSwiftPackageProductDependency;
			package = 78334C2A2C5C274600C7909F /* XCRemoteSwiftPackageReference "ApphudSDK" */;
			productName = ApphudSDK;
		};
		78334C2E2C5C275200C7909F /* YandexMobileMetrica */ = {
			isa = XCSwiftPackageProductDependency;
			package = 78334C2D2C5C275200C7909F /* XCRemoteSwiftPackageReference "metrica-sdk-ios" */;
			productName = YandexMobileMetrica;
		};
		78334C302C5C275200C7909F /* YandexMobileMetricaCrashes */ = {
			isa = XCSwiftPackageProductDependency;
			package = 78334C2D2C5C275200C7909F /* XCRemoteSwiftPackageReference "metrica-sdk-ios" */;
			productName = YandexMobileMetricaCrashes;
		};
/* End XCSwiftPackageProductDependency section */

/* Begin XCVersionGroup section */
		78B38E4B2C4E664100DD1121 /* CoreModel.xcdatamodeld */ = {
			isa = XCVersionGroup;
			children = (
				78B38E4C2C4E664100DD1121 /* CoreModel.xcdatamodel */,
			);
			currentVersion = 78B38E4C2C4E664100DD1121 /* CoreModel.xcdatamodel */;
			name = CoreModel.xcdatamodeld;
			path = /Users/igor/Documents/Applications/App520/App520/Project/Extensions/CoreModel.xcdatamodeld;
			sourceTree = "<group>";
			versionGroupType = wrapper.xcdatamodel;
		};
/* End XCVersionGroup section */
	};
	rootObject = 78B38E0E2C4E5CAC00DD1121 /* Project object */;
}
